
Microsoft Visual Studio Solution File, Format Version 12.00
# Visual Studio 15
VisualStudioVersion = 15.0.27703.2026
MinimumVisualStudioVersion = 10.0.40219.1
Project("{FAE04EC0-301F-11D3-BF4B-00C04F79EFBC}") = "MT5WCFHTTPService", "MT5WCFHTTPService\MT5WCFHTTPService.csproj", "{89450799-C7C3-4E68-A66A-F9AC095A51CF}"
EndProject
Project("{FAE04EC0-301F-11D3-BF4B-00C04F79EFBC}") = "MT5HttpHostService", "MT5HttpService\MT5HttpHostService.csproj", "{0D6C51E2-EF35-44AA-B59E-7ADC7736C8DE}"
EndProject
Project("{2150E333-8FDC-42A3-9474-1A3956D46DE8}") = "lib", "lib", "{65745A6B-90D7-4776-93A7-700E7BB21A08}"
	ProjectSection(SolutionItems) = preProject
		lib\MtApi5.dll = lib\MtApi5.dll
		lib\MTApiService.dll = lib\MTApiService.dll
		lib\Newtonsoft.Json.dll = lib\Newtonsoft.Json.dll
	EndProjectSection
EndProject
Global
	GlobalSection(SolutionConfigurationPlatforms) = preSolution
		Debug|Any CPU = Debug|Any CPU
		Release|Any CPU = Release|Any CPU
	EndGlobalSection
	GlobalSection(ProjectConfigurationPlatforms) = postSolution
		{89450799-C7C3-4E68-A66A-F9AC095A51CF}.Debug|Any CPU.ActiveCfg = Debug|Any CPU
		{89450799-C7C3-4E68-A66A-F9AC095A51CF}.Debug|Any CPU.Build.0 = Debug|Any CPU
		{89450799-C7C3-4E68-A66A-F9AC095A51CF}.Release|Any CPU.ActiveCfg = Release|Any CPU
		{89450799-C7C3-4E68-A66A-F9AC095A51CF}.Release|Any CPU.Build.0 = Release|Any CPU
		{0D6C51E2-EF35-44AA-B59E-7ADC7736C8DE}.Debug|Any CPU.ActiveCfg = Debug|Any CPU
		{0D6C51E2-EF35-44AA-B59E-7ADC7736C8DE}.Debug|Any CPU.Build.0 = Debug|Any CPU
		{0D6C51E2-EF35-44AA-B59E-7ADC7736C8DE}.Release|Any CPU.ActiveCfg = Release|Any CPU
		{0D6C51E2-EF35-44AA-B59E-7ADC7736C8DE}.Release|Any CPU.Build.0 = Release|Any CPU
	EndGlobalSection
	GlobalSection(SolutionProperties) = preSolution
		HideSolutionNode = FALSE
	EndGlobalSection
	GlobalSection(ExtensibilityGlobals) = postSolution
		SolutionGuid = {B586A23D-FAA8-41C9-839E-E05512D64D5F}
	EndGlobalSection
EndGlobal
